
Microsoft Visual Studio Solution File, Format Version 12.00
# Visual Studio Version 17
VisualStudioVersion = 17.14.37027.9 d17.14
MinimumVisualStudioVersion = 10.0.40219.1
Project("{FAE04EC0-301F-11D3-BF4B-00C04F79EFBC}") = "Prac6", "Prac6.csproj", "{FC6B716C-2E90-44DB-A075-2193BE11584B}"
EndProject
Global
	GlobalSection(SolutionConfigurationPlatforms) = preSolution
		Debug|Any CPU = Debug|Any CPU
		Release|Any CPU = Release|Any CPU
	EndGlobalSection
	GlobalSection(ProjectConfigurationPlatforms) = postSolution
		{FC6B716C-2E90-44DB-A075-2193BE11584B}.Debug|Any CPU.ActiveCfg = Debug|Any CPU
		{FC6B716C-2E90-44DB-A075-2193BE11584B}.Debug|Any CPU.Build.0 = Debug|Any CPU
		{FC6B716C-2E90-44DB-A075-2193BE11584B}.Release|Any CPU.ActiveCfg = Release|Any CPU
		{FC6B716C-2E90-44DB-A075-2193BE11584B}.Release|Any CPU.Build.0 = Release|Any CPU
	EndGlobalSection
	GlobalSection(SolutionProperties) = preSolution
		HideSolutionNode = FALSE
	EndGlobalSection
	GlobalSection(ExtensibilityGlobals) = postSolution
		SolutionGuid = {B71AD562-60F6-4B27-A6A3-251EFC2914D4}
	EndGlobalSection
EndGlobal
