
Microsoft Visual Studio Solution File, Format Version 12.00
# Visual Studio Version 17
VisualStudioVersion = 17.14.37027.9 d17.14
MinimumVisualStudioVersion = 10.0.40219.1
Project("{FAE04EC0-301F-11D3-BF4B-00C04F79EFBC}") = "Practical7.0", "Practical7.0.csproj", "{AD5D6629-EC19-4B13-8C32-3CCB0AE850E3}"
EndProject
Global
	GlobalSection(SolutionConfigurationPlatforms) = preSolution
		Debug|Any CPU = Debug|Any CPU
		Release|Any CPU = Release|Any CPU
	EndGlobalSection
	GlobalSection(ProjectConfigurationPlatforms) = postSolution
		{AD5D6629-EC19-4B13-8C32-3CCB0AE850E3}.Debug|Any CPU.ActiveCfg = Debug|Any CPU
		{AD5D6629-EC19-4B13-8C32-3CCB0AE850E3}.Debug|Any CPU.Build.0 = Debug|Any CPU
		{AD5D6629-EC19-4B13-8C32-3CCB0AE850E3}.Release|Any CPU.ActiveCfg = Release|Any CPU
		{AD5D6629-EC19-4B13-8C32-3CCB0AE850E3}.Release|Any CPU.Build.0 = Release|Any CPU
	EndGlobalSection
	GlobalSection(SolutionProperties) = preSolution
		HideSolutionNode = FALSE
	EndGlobalSection
	GlobalSection(ExtensibilityGlobals) = postSolution
		SolutionGuid = {AEE8D963-3327-4895-BDF9-B718895975A4}
	EndGlobalSection
EndGlobal
